
Microsoft Visual Studio Solution File, Format Version 12.00
# Visual Studio 15
VisualStudioVersion = 15.0.26403.0
MinimumVisualStudioVersion = 10.0.40219.1
Project("{FAE04EC0-301F-11D3-BF4B-00C04F79EFBC}") = "MVCDemos.GridView", "MVCDemos.GridView\MVCDemos.GridView.csproj", "{D6D68A1C-FE4E-4252-9277-4A4F42694BF5}"
EndProject
Project("{FAE04EC0-301F-11D3-BF4B-00C04F79EFBC}") = "MVCDemos.ReadFileCSV", "MVCDemos.ReadFileCSV\MVCDemos.ReadFileCSV.csproj", "{78BD9EDB-30C8-4012-960C-9783ED6E7059}"
EndProject
Global
	GlobalSection(SolutionConfigurationPlatforms) = preSolution
		Debug|Any CPU = Debug|Any CPU
		Release|Any CPU = Release|Any CPU
	EndGlobalSection
	GlobalSection(ProjectConfigurationPlatforms) = postSolution
		{D6D68A1C-FE4E-4252-9277-4A4F42694BF5}.Debug|Any CPU.ActiveCfg = Debug|Any CPU
		{D6D68A1C-FE4E-4252-9277-4A4F42694BF5}.Debug|Any CPU.Build.0 = Debug|Any CPU
		{D6D68A1C-FE4E-4252-9277-4A4F42694BF5}.Release|Any CPU.ActiveCfg = Release|Any CPU
		{D6D68A1C-FE4E-4252-9277-4A4F42694BF5}.Release|Any CPU.Build.0 = Release|Any CPU
		{78BD9EDB-30C8-4012-960C-9783ED6E7059}.Debug|Any CPU.ActiveCfg = Debug|Any CPU
		{78BD9EDB-30C8-4012-960C-9783ED6E7059}.Debug|Any CPU.Build.0 = Debug|Any CPU
		{78BD9EDB-30C8-4012-960C-9783ED6E7059}.Release|Any CPU.ActiveCfg = Release|Any CPU
		{78BD9EDB-30C8-4012-960C-9783ED6E7059}.Release|Any CPU.Build.0 = Release|Any CPU
	EndGlobalSection
	GlobalSection(SolutionProperties) = preSolution
		HideSolutionNode = FALSE
	EndGlobalSection
EndGlobal
